// !$*UTF8*$!
{
	archiveVersion = 1;
	classes = {
	};
	objectVersion = 48;
	objects = {

/* Begin PBXBuildFile section */
		6E1B72CC206F64EF0095A184 /* AppDelegate.m in Sources */ = {isa = PBXBuildFile; fileRef = 6E1B72CB206F64EF0095A184 /* AppDelegate.m */; };
		6E1B72CF206F64EF0095A184 /* ViewController.m in Sources */ = {isa = PBXBuildFile; fileRef = 6E1B72CE206F64EF0095A184 /* ViewController.m */; };
		6E1B72D2206F64EF0095A184 /* Main.storyboard in Resources */ = {isa = PBXBuildFile; fileRef = 6E1B72D0206F64EF0095A184 /* Main.storyboard */; };
		6E1B72D4206F64EF0095A184 /* Assets.xcassets in Resources */ = {isa = PBXBuildFile; fileRef = 6E1B72D3206F64EF0095A184 /* Assets.xcassets */; };
		6E1B72D7206F64EF0095A184 /* LaunchScreen.storyboard in Resources */ = {isa = PBXBuildFile; fileRef = 6E1B72D5206F64EF0095A184 /* LaunchScreen.storyboard */; };
		6E1B72DA206F64EF0095A184 /* main.m in Sources */ = {isa = PBXBuildFile; fileRef = 6E1B72D9206F64EF0095A184 /* main.m */; };
/* End PBXBuildFile section */

/* Begin PBXFileReference section */
		6E1B72C7206F64EF0095A184 /* EnvironmentalMonitoring.app */ = {isa = PBXFileReference; explicitFileType = wrapper.application; includeInIndex = 0; path = EnvironmentalMonitoring.app; sourceTree = BUILT_PRODUCTS_DIR; };
		6E1B72CA206F64EF0095A184 /* AppDelegate.h */ = {isa = PBXFileReference; lastKnownFileType = sourcecode.c.h; path = AppDelegate.h; sourceTree = "<group>"; };
		6E1B72CB206F64EF0095A184 /* AppDelegate.m */ = {isa = PBXFileReference; lastKnownFileType = sourcecode.c.objc; path = AppDelegate.m; sourceTree = "<group>"; };
		6E1B72CD206F64EF0095A184 /* ViewController.h */ = {isa = PBXFileReference; lastKnownFileType = sourcecode.c.h; path = ViewController.h; sourceTree = "<group>"; };
		6E1B72CE206F64EF0095A184 /* ViewController.m */ = {isa = PBXFileReference; lastKnownFileType = sourcecode.c.objc; path = ViewController.m; sourceTree = "<group>"; };
		6E1B72D1206F64EF0095A184 /* Base */ = {isa = PBXFileReference; lastKnownFileType = file.storyboard; name = Base; path = Base.lproj/Main.storyboard; sourceTree = "<group>"; };
		6E1B72D3206F64EF0095A184 /* Assets.xcassets */ = {isa = PBXFileReference; lastKnownFileType = folder.assetcatalog; path = Assets.xcassets; sourceTree = "<group>"; };
		6E1B72D6206F64EF0095A184 /* Base */ = {isa = PBXFileReference; lastKnownFileType = file.storyboard; name = Base; path = Base.lproj/LaunchScreen.storyboard; sourceTree = "<group>"; };
		6E1B72D8206F64EF0095A184 /* Info.plist */ = {isa = PBXFileReference; lastKnownFileType = text.plist.xml; path = Info.plist; sourceTree = "<group>"; };
		6E1B72D9206F64EF0095A184 /* main.m */ = {isa = PBXFileReference; lastKnownFileType = sourcecode.c.objc; path = main.m; sourceTree = "<group>"; };
/* End PBXFileReference section */

/* Begin PBXFrameworksBuildPhase section */
		6E1B72C4206F64EF0095A184 /* Frameworks */ = {
			isa = PBXFrameworksBuildPhase;
			buildActionMask = 2147483647;
			files = (
			);
			runOnlyForDeploymentPostprocessing = 0;
		};
/* End PBXFrameworksBuildPhase section */

/* Begin PBXGroup section */
		6E1B72BE206F64EF0095A184 = {
			isa = PBXGroup;
			children = (
				6E1B72C9206F64EF0095A184 /* EnvironmentalMonitoring */,
				6E1B72C8206F64EF0095A184 /* Products */,
			);
			sourceTree = "<group>";
		};
		6E1B72C8206F64EF0095A184 /* Products */ = {
			isa = PBXGroup;
			children = (
				6E1B72C7206F64EF0095A184 /* EnvironmentalMonitoring.app */,
			);
			name = Products;
			sourceTree = "<group>";
		};
		6E1B72C9206F64EF0095A184 /* EnvironmentalMonitoring */ = {
			isa = PBXGroup;
			children = (
				6E1B72CA206F64EF0095A184 /* AppDelegate.h */,
				6E1B72CB206F64EF0095A184 /* AppDelegate.m */,
				6E1B72CD206F64EF0095A184 /* ViewController.h */,
				6E1B72CE206F64EF0095A184 /* ViewController.m */,
				6E1B72D0206F64EF0095A184 /* Main.storyboard */,
				6E1B72D3206F64EF0095A184 /* Assets.xcassets */,
				6E1B72D5206F64EF0095A184 /* LaunchScreen.storyboard */,
				6E1B72D8206F64EF0095A184 /* Info.plist */,
				6E1B72D9206F64EF0095A184 /* main.m */,
			);
			path = EnvironmentalMonitoring;
			sourceTree = "<group>";
		};
/* End PBXGroup section */

/* Begin PBXNativeTarget section */
		6E1B72C6206F64EF0095A184 /* EnvironmentalMonitoring */ = {
			isa = PBXNativeTarget;
			buildConfigurationList = 6E1B72DD206F64EF0095A184 /* Build configuration list for PBXNativeTarget "EnvironmentalMonitoring" */;
			buildPhases = (
				6E1B72C3206F64EF0095A184 /* Sources */,
				6E1B72C4206F64EF0095A184 /* Frameworks */,
				6E1B72C5206F64EF0095A184 /* Resources */,
			);
			buildRules = (
			);
			dependencies = (
			);
			name = EnvironmentalMonitoring;
			productName = EnvironmentalMonitoring;
			productReference = 6E1B72C7206F64EF0095A184 /* EnvironmentalMonitoring.app */;
			productType = "com.apple.product-type.application";
		};
/* End PBXNativeTarget section */

/* Begin PBXProject section */
		6E1B72BF206F64EF0095A184 /* Project object */ = {
			isa = PBXProject;
			attributes = {
				LastUpgradeCheck = 0920;
				ORGANIZATIONNAME = "lakers JH";
				TargetAttributes = {
					6E1B72C6206F64EF0095A184 = {
						CreatedOnToolsVersion = 9.2;
						ProvisioningStyle = Automatic;
					};
				};
			};
			buildConfigurationList = 6E1B72C2206F64EF0095A184 /* Build configuration list for PBXProject "EnvironmentalMonitoring" */;
			compatibilityVersion = "Xcode 8.0";
			developmentRegion = en;
			hasScannedForEncodings = 0;
			knownRegions = (
				en,
				Base,
			);
			mainGroup = 6E1B72BE206F64EF0095A184;
			productRefGroup = 6E1B72C8206F64EF0095A184 /* Products */;
			projectDirPath = "";
			projectRoot = "";
			targets = (
				6E1B72C6206F64EF0095A184 /* EnvironmentalMonitoring */,
			);
		};
/* End PBXProject section */

/* Begin PBXResourcesBuildPhase section */
		6E1B72C5206F64EF0095A184 /* Resources */ = {
			isa = PBXResourcesBuildPhase;
			buildActionMask = 2147483647;
			files = (
				6E1B72D7206F64EF0095A184 /* LaunchScreen.storyboard in Resources */,
				6E1B72D4206F64EF0095A184 /* Assets.xcassets in Resources */,
				6E1B72D2206F64EF0095A184 /* Main.storyboard in Resources */,
			);
			runOnlyForDeploymentPostprocessing = 0;
		};
/* End PBXResourcesBuildPhase section */

/* Begin PBXSourcesBuildPhase section */
		6E1B72C3206F64EF0095A184 /* Sources */ = {
			isa = PBXSourcesBuildPhase;
			buildActionMask = 2147483647;
			files = (
				6E1B72CF206F64EF0095A184 /* ViewController.m in Sources */,
				6E1B72DA206F64EF0095A184 /* main.m in Sources */,
				6E1B72CC206F64EF0095A184 /* AppDelegate.m in Sources */,
			);
			runOnlyForDeploymentPostprocessing = 0;
		};
/* End PBXSourcesBuildPhase section */

/* Begin PBXVariantGroup section */
		6E1B72D0206F64EF0095A184 /* Main.storyboard */ = {
			isa = PBXVariantGroup;
			children = (
				6E1B72D1206F64EF0095A184 /* Base */,
			);
			name = Main.storyboard;
			sourceTree = "<group>";
		};
		6E1B72D5206F64EF0095A184 /* LaunchScreen.storyboard */ = {
			isa = PBXVariantGroup;
			children = (
				6E1B72D6206F64EF0095A184 /* Base */,
			);
			name = LaunchScreen.storyboard;
			sourceTree = "<group>";
		};
/* End PBXVariantGroup section */

/* Begin XCBuildConfiguration section */
		6E1B72DB206F64EF0095A184 /* Debug */ = {
			isa = XCBuildConfiguration;
			buildSettings = {
				ALWAYS_SEARCH_USER_PATHS = NO;
				CLANG_ANALYZER_NONNULL = YES;
				CLANG_ANALYZER_NUMBER_OBJECT_CONVERSION = YES_AGGRESSIVE;
				CLANG_CXX_LANGUAGE_STANDARD = "gnu++14";
				CLANG_CXX_LIBRARY = "libc++";
				CLANG_ENABLE_MODULES = YES;
				CLANG_ENABLE_OBJC_ARC = YES;
				CLANG_WARN_BLOCK_CAPTURE_AUTORELEASING = YES;
				CLANG_WARN_BOOL_CONVERSION = YES;
				CLANG_WARN_COMMA = YES;
				CLANG_WARN_CONSTANT_CONVERSION = YES;
				CLANG_WARN_DIRECT_OBJC_ISA_USAGE = YES_ERROR;
				CLANG_WARN_DOCUMENTATION_COMMENTS = YES;
				CLANG_WARN_EMPTY_BODY = YES;
				CLANG_WARN_ENUM_CONVERSION = YES;
				CLANG_WARN_INFINITE_RECURSION = YES;
				CLANG_WARN_INT_CONVERSION = YES;
				CLANG_WARN_NON_LITERAL_NULL_CONVERSION = YES;
				CLANG_WARN_OBJC_LITERAL_CONVERSION = YES;
				CLANG_WARN_OBJC_ROOT_CLASS = YES_ERROR;
				CLANG_WARN_RANGE_LOOP_ANALYSIS = YES;
				CLANG_WARN_STRICT_PROTOTYPES = YES;
				CLANG_WARN_SUSPICIOUS_MOVE = YES;
				CLANG_WARN_UNGUARDED_AVAILABILITY = YES_AGGRESSIVE;
				CLANG_WARN_UNREACHABLE_CODE = YES;
				CLANG_WARN__DUPLICATE_METHOD_MATCH = YES;
				CODE_SIGN_IDENTITY = "iPhone Developer";
				COPY_PHASE_STRIP = NO;
				DEBUG_INFORMATION_FORMAT = dwarf;
				ENABLE_STRICT_OBJC_MSGSEND = YES;
				ENABLE_TESTABILITY = YES;
				GCC_C_LANGUAGE_STANDARD = gnu11;
				GCC_DYNAMIC_NO_PIC = NO;
				GCC_NO_COMMON_BLOCKS = YES;
				GCC_OPTIMIZATION_LEVEL = 0;
				GCC_PREPROCESSOR_DEFINITIONS = (
					"DEBUG=1",
					"$(inherited)",
				);
				GCC_WARN_64_TO_32_BIT_CONVERSION = YES;
				GCC_WARN_ABOUT_RETURN_TYPE = YES_ERROR;
				GCC_WARN_UNDECLARED_SELECTOR = YES;
				GCC_WARN_UNINITIALIZED_AUTOS = YES_AGGRESSIVE;
				GCC_WARN_UNUSED_FUNCTION = YES;
				GCC_WARN_UNUSED_VARIABLE = YES;
				IPHONEOS_DEPLOYMENT_TARGET = 11.2;
				MTL_ENABLE_DEBUG_INFO = YES;
				ONLY_ACTIVE_ARCH = YES;
				SDKROOT = iphoneos;
			};
			name = Debug;
		};
		6E1B72DC206F64EF0095A184 /* Release */ = {
			isa = XCBuildConfiguration;
			buildSettings = {
				ALWAYS_SEARCH_USER_PATHS = NO;
				CLANG_ANALYZER_NONNULL = YES;
				CLANG_ANALYZER_NUMBER_OBJECT_CONVERSION = YES_AGGRESSIVE;
				CLANG_CXX_LANGUAGE_STANDARD = "gnu++14";
				CLANG_CXX_LIBRARY = "libc++";
				CLANG_ENABLE_MODULES = YES;
				CLANG_ENABLE_OBJC_ARC = YES;
				CLANG_WARN_BLOCK_CAPTURE_AUTORELEASING = YES;
				CLANG_WARN_BOOL_CONVERSION = YES;
				CLANG_WARN_COMMA = YES;
				CLANG_WARN_CONSTANT_CONVERSION = YES;
				CLANG_WARN_DIRECT_OBJC_ISA_USAGE = YES_ERROR;
				CLANG_WARN_DOCUMENTATION_COMMENTS = YES;
				CLANG_WARN_EMPTY_BODY = YES;
				CLANG_WARN_ENUM_CONVERSION = YES;
				CLANG_WARN_INFINITE_RECURSION = YES;
				CLANG_WARN_INT_CONVERSION = YES;
				CLANG_WARN_NON_LITERAL_NULL_CONVERSION = YES;
				CLANG_WARN_OBJC_LITERAL_CONVERSION = YES;
				CLANG_WARN_OBJC_ROOT_CLASS = YES_ERROR;
				CLANG_WARN_RANGE_LOOP_ANALYSIS = YES;
				CLANG_WARN_STRICT_PROTOTYPES = YES;
				CLANG_WARN_SUSPICIOUS_MOVE = YES;
				CLANG_WARN_UNGUARDED_AVAILABILITY = YES_AGGRESSIVE;
				CLANG_WARN_UNREACHABLE_CODE = YES;
				CLANG_WARN__DUPLICATE_METHOD_MATCH = YES;
				CODE_SIGN_IDENTITY = "iPhone Developer";
				COPY_PHASE_STRIP = NO;
				DEBUG_INFORMATION_FORMAT = "dwarf-with-dsym";
				ENABLE_NS_ASSERTIONS = NO;
				ENABLE_STRICT_OBJC_MSGSEND = YES;
				GCC_C_LANGUAGE_STANDARD = gnu11;
				GCC_NO_COMMON_BLOCKS = YES;
				GCC_WARN_64_TO_32_BIT_CONVERSION = YES;
				GCC_WARN_ABOUT_RETURN_TYPE = YES_ERROR;
				GCC_WARN_UNDECLARED_SELECTOR = YES;
				GCC_WARN_UNINITIALIZED_AUTOS = YES_AGGRESSIVE;
				GCC_WARN_UNUSED_FUNCTION = YES;
				GCC_WARN_UNUSED_VARIABLE = YES;
				IPHONEOS_DEPLOYMENT_TARGET = 11.2;
				MTL_ENABLE_DEBUG_INFO = NO;
				SDKROOT = iphoneos;
				VALIDATE_PRODUCT = YES;
			};
			name = Release;
		};
		6E1B72DE206F64EF0095A184 /* Debug */ = {
			isa = XCBuildConfiguration;
			buildSettings = {
				ASSETCATALOG_COMPILER_APPICON_NAME = AppIcon;
				CODE_SIGN_STYLE = Automatic;
				DEVELOPMENT_TEAM = 8KZ977Y29Y;
				INFOPLIST_FILE = EnvironmentalMonitoring/Info.plist;
				LD_RUNPATH_SEARCH_PATHS = "$(inherited) @executable_path/Frameworks";
				PRODUCT_BUNDLE_IDENTIFIER = com.jh.EnvironmentalMonitoring;
				PRODUCT_NAME = "$(TARGET_NAME)";
				TARGETED_DEVICE_FAMILY = "1,2";
			};
			name = Debug;
		};
		6E1B72DF206F64EF0095A184 /* Release */ = {
			isa = XCBuildConfiguration;
			buildSettings = {
				ASSETCATALOG_COMPILER_APPICON_NAME = AppIcon;
				CODE_SIGN_STYLE = Automatic;
				DEVELOPMENT_TEAM = 8KZ977Y29Y;
				INFOPLIST_FILE = EnvironmentalMonitoring/Info.plist;
				LD_RUNPATH_SEARCH_PATHS = "$(inherited) @executable_path/Frameworks";
				PRODUCT_BUNDLE_IDENTIFIER = com.jh.EnvironmentalMonitoring;
				PRODUCT_NAME = "$(TARGET_NAME)";
				TARGETED_DEVICE_FAMILY = "1,2";
			};
			name = Release;
		};
/* End XCBuildConfiguration section */

/* Begin XCConfigurationList section */
		6E1B72C2206F64EF0095A184 /* Build configuration list for PBXProject "EnvironmentalMonitoring" */ = {
			isa = XCConfigurationList;
			buildConfigurations = (
				6E1B72DB206F64EF0095A184 /* Debug */,
				6E1B72DC206F64EF0095A184 /* Release */,
			);
			defaultConfigurationIsVisible = 0;
			defaultConfigurationName = Release;
		};
		6E1B72DD206F64EF0095A184 /* Build configuration list for PBXNativeTarget "EnvironmentalMonitoring" */ = {
			isa = XCConfigurationList;
			buildConfigurations = (
				6E1B72DE206F64EF0095A184 /* Debug */,
				6E1B72DF206F64EF0095A184 /* Release */,
			);
			defaultConfigurationIsVisible = 0;
			defaultConfigurationName = Release;
		};
/* End XCConfigurationList section */
	};
	rootObject = 6E1B72BF206F64EF0095A184 /* Project object */;
}
